
Microsoft Visual Studio Solution File, Format Version 12.00
# Visual Studio Version 16
VisualStudioVersion = 16.0.30611.23
MinimumVisualStudioVersion = 10.0.40219.1
Project("{888888A0-9F3D-457C-B088-3A5042F75D52}") = "PythonApplication1", "PythonApplication1\PythonApplication1.pyproj", "{0A771E43-8D44-4C5E-8C6F-4D1FC4304092}"
EndProject
Project("{888888A0-9F3D-457C-B088-3A5042F75D52}") = "PythonApplication2", "..\PythonApplication3\PythonApplication2\PythonApplication2.pyproj", "{B35B06BA-DADD-4345-B70D-07FD11A8C145}"
EndProject
Global
	GlobalSection(SolutionConfigurationPlatforms) = preSolution
		Debug|Any CPU = Debug|Any CPU
		Release|Any CPU = Release|Any CPU
	EndGlobalSection
	GlobalSection(ProjectConfigurationPlatforms) = postSolution
		{0A771E43-8D44-4C5E-8C6F-4D1FC4304092}.Debug|Any CPU.ActiveCfg = Debug|Any CPU
		{0A771E43-8D44-4C5E-8C6F-4D1FC4304092}.Release|Any CPU.ActiveCfg = Release|Any CPU
		{B35B06BA-DADD-4345-B70D-07FD11A8C145}.Debug|Any CPU.ActiveCfg = Debug|Any CPU
		{B35B06BA-DADD-4345-B70D-07FD11A8C145}.Release|Any CPU.ActiveCfg = Release|Any CPU
	EndGlobalSection
	GlobalSection(SolutionProperties) = preSolution
		HideSolutionNode = FALSE
	EndGlobalSection
	GlobalSection(ExtensibilityGlobals) = postSolution
		SolutionGuid = {DC0BCD01-6C67-4907-A580-53CF2FAE0183}
	EndGlobalSection
EndGlobal
